
Microsoft Visual Studio Solution File, Format Version 12.00
# Visual Studio Version 17
VisualStudioVersion = 17.3.32929.385
MinimumVisualStudioVersion = 10.0.40219.1
Project("{FAE04EC0-301F-11D3-BF4B-00C04F79EFBC}") = "c dılı form derslerıfıboaccı projesı", "c dılı form derslerıfıboaccı projesı\c dılı form derslerıfıboaccı projesı.csproj", "{9129462F-AE97-44EF-A6A5-7E0361718A0F}"
EndProject
Global
	GlobalSection(SolutionConfigurationPlatforms) = preSolution
		Debug|Any CPU = Debug|Any CPU
		Release|Any CPU = Release|Any CPU
	EndGlobalSection
	GlobalSection(ProjectConfigurationPlatforms) = postSolution
		{9129462F-AE97-44EF-A6A5-7E0361718A0F}.Debug|Any CPU.ActiveCfg = Debug|Any CPU
		{9129462F-AE97-44EF-A6A5-7E0361718A0F}.Debug|Any CPU.Build.0 = Debug|Any CPU
		{9129462F-AE97-44EF-A6A5-7E0361718A0F}.Release|Any CPU.ActiveCfg = Release|Any CPU
		{9129462F-AE97-44EF-A6A5-7E0361718A0F}.Release|Any CPU.Build.0 = Release|Any CPU
	EndGlobalSection
	GlobalSection(SolutionProperties) = preSolution
		HideSolutionNode = FALSE
	EndGlobalSection
	GlobalSection(ExtensibilityGlobals) = postSolution
		SolutionGuid = {3FCAA9DD-F086-40D9-B518-7431C787E7FB}
	EndGlobalSection
EndGlobal
